
Microsoft Visual Studio Solution File, Format Version 12.00
# Visual Studio 15
VisualStudioVersion = 15.0.27703.2000
MinimumVisualStudioVersion = 10.0.40219.1
Project("{FAE04EC0-301F-11D3-BF4B-00C04F79EFBC}") = "Inheritance", "Inheritance\Inheritance.csproj", "{AB7B7BF1-824D-46A2-B166-396BB2F5EDDD}"
EndProject
Global
	GlobalSection(SolutionConfigurationPlatforms) = preSolution
		Debug|Any CPU = Debug|Any CPU
		Release|Any CPU = Release|Any CPU
	EndGlobalSection
	GlobalSection(ProjectConfigurationPlatforms) = postSolution
		{AB7B7BF1-824D-46A2-B166-396BB2F5EDDD}.Debug|Any CPU.ActiveCfg = Debug|Any CPU
		{AB7B7BF1-824D-46A2-B166-396BB2F5EDDD}.Debug|Any CPU.Build.0 = Debug|Any CPU
		{AB7B7BF1-824D-46A2-B166-396BB2F5EDDD}.Release|Any CPU.ActiveCfg = Release|Any CPU
		{AB7B7BF1-824D-46A2-B166-396BB2F5EDDD}.Release|Any CPU.Build.0 = Release|Any CPU
	EndGlobalSection
	GlobalSection(SolutionProperties) = preSolution
		HideSolutionNode = FALSE
	EndGlobalSection
	GlobalSection(ExtensibilityGlobals) = postSolution
		SolutionGuid = {6C00586B-BC90-4AEF-B21E-11F57BFDA413}
	EndGlobalSection
EndGlobal
